
Microsoft Visual Studio Solution File, Format Version 12.00
# Visual Studio Version 16
VisualStudioVersion = 16.0.31313.79
MinimumVisualStudioVersion = 10.0.40219.1
Project("{FAE04EC0-301F-11D3-BF4B-00C04F79EFBC}") = "BMS", "BMS.csproj", "{E22D5759-8655-43FF-8989-D41A7306A348}"
EndProject
Global
	GlobalSection(SolutionConfigurationPlatforms) = preSolution
		Debug|Any CPU = Debug|Any CPU
		Release|Any CPU = Release|Any CPU
	EndGlobalSection
	GlobalSection(ProjectConfigurationPlatforms) = postSolution
		{E22D5759-8655-43FF-8989-D41A7306A348}.Debug|Any CPU.ActiveCfg = Debug|Any CPU
		{E22D5759-8655-43FF-8989-D41A7306A348}.Debug|Any CPU.Build.0 = Debug|Any CPU
		{E22D5759-8655-43FF-8989-D41A7306A348}.Release|Any CPU.ActiveCfg = Release|Any CPU
		{E22D5759-8655-43FF-8989-D41A7306A348}.Release|Any CPU.Build.0 = Release|Any CPU
	EndGlobalSection
	GlobalSection(SolutionProperties) = preSolution
		HideSolutionNode = FALSE
	EndGlobalSection
	GlobalSection(ExtensibilityGlobals) = postSolution
		SolutionGuid = {4CA979DA-8486-49E2-BDA5-BB5D8D811D51}
	EndGlobalSection
EndGlobal
